
Microsoft Visual Studio Solution File, Format Version 12.00
# Visual Studio Version 17
VisualStudioVersion = 17.7.34031.279
MinimumVisualStudioVersion = 10.0.40219.1
Project("{FAE04EC0-301F-11D3-BF4B-00C04F79EFBC}") = "TrungTamNgoaiNgu", "TrungTamNgoaiNgu\TrungTamNgoaiNgu.csproj", "{9AE671F8-C0DB-47EC-B094-1037432DCC29}"
EndProject
Global
	GlobalSection(SolutionConfigurationPlatforms) = preSolution
		Debug|Any CPU = Debug|Any CPU
		Release|Any CPU = Release|Any CPU
	EndGlobalSection
	GlobalSection(ProjectConfigurationPlatforms) = postSolution
		{9AE671F8-C0DB-47EC-B094-1037432DCC29}.Debug|Any CPU.ActiveCfg = Debug|Any CPU
		{9AE671F8-C0DB-47EC-B094-1037432DCC29}.Debug|Any CPU.Build.0 = Debug|Any CPU
		{9AE671F8-C0DB-47EC-B094-1037432DCC29}.Release|Any CPU.ActiveCfg = Release|Any CPU
		{9AE671F8-C0DB-47EC-B094-1037432DCC29}.Release|Any CPU.Build.0 = Release|Any CPU
	EndGlobalSection
	GlobalSection(SolutionProperties) = preSolution
		HideSolutionNode = FALSE
	EndGlobalSection
	GlobalSection(ExtensibilityGlobals) = postSolution
		SolutionGuid = {09530E94-22E9-4ED4-8492-0AA8774008E6}
	EndGlobalSection
EndGlobal
